
Microsoft Visual Studio Solution File, Format Version 12.00
# Visual Studio Version 17
VisualStudioVersion = 17.3.32922.545
MinimumVisualStudioVersion = 10.0.40219.1
Project("{FAE04EC0-301F-11D3-BF4B-00C04F79EFBC}") = "Droni_Salvavita", "Droni_Salvavita\Droni_Salvavita.csproj", "{88AF18AA-8D20-4509-AE3C-10C194B65F73}"
EndProject
Global
	GlobalSection(SolutionConfigurationPlatforms) = preSolution
		Debug|Any CPU = Debug|Any CPU
		Release|Any CPU = Release|Any CPU
	EndGlobalSection
	GlobalSection(ProjectConfigurationPlatforms) = postSolution
		{88AF18AA-8D20-4509-AE3C-10C194B65F73}.Debug|Any CPU.ActiveCfg = Debug|Any CPU
		{88AF18AA-8D20-4509-AE3C-10C194B65F73}.Debug|Any CPU.Build.0 = Debug|Any CPU
		{88AF18AA-8D20-4509-AE3C-10C194B65F73}.Release|Any CPU.ActiveCfg = Release|Any CPU
		{88AF18AA-8D20-4509-AE3C-10C194B65F73}.Release|Any CPU.Build.0 = Release|Any CPU
	EndGlobalSection
	GlobalSection(SolutionProperties) = preSolution
		HideSolutionNode = FALSE
	EndGlobalSection
	GlobalSection(ExtensibilityGlobals) = postSolution
		SolutionGuid = {59EF870D-AAEE-4C44-9554-85DB92101244}
	EndGlobalSection
EndGlobal
